
Microsoft Visual Studio Solution File, Format Version 12.00
# Visual Studio Version 18
VisualStudioVersion = 18.0.11217.181 d18.0
MinimumVisualStudioVersion = 10.0.40219.1
Project("{FAE04EC0-301F-11D3-BF4B-00C04F79EFBC}") = "BlazorWebAppMovies", "BlazorWebAppMovies\BlazorWebAppMovies.csproj", "{A1351AA3-2527-4184-885B-C1CE740CA6E4}"
EndProject
Project("{FAE04EC0-301F-11D3-BF4B-00C04F79EFBC}") = "BlazorWebAppMovies.Api", "BlazorWebAppMovies.Api\BlazorWebAppMovies.Api.csproj", "{6F85BE05-674F-44A5-99C3-3DEAB14A0B18}"
EndProject
Project("{FAE04EC0-301F-11D3-BF4B-00C04F79EFBC}") = "BlazorWebAppMovies.Models", "BlazorWebAppMovies.Models\BlazorWebAppMovies.Models.csproj", "{832FF03A-6D42-4DC3-ABC3-00986508E325}"
EndProject
Project("{FAE04EC0-301F-11D3-BF4B-00C04F79EFBC}") = "BlazorWebAppMovies.Repository", "BlazorWebAppMovies.Repository\BlazorWebAppMovies.Repository.csproj", "{0F63DF98-2505-4E28-B3B7-219034202EB1}"
EndProject
Project("{FAE04EC0-301F-11D3-BF4B-00C04F79EFBC}") = "BlazorWebAppMovies.Sdk", "BlazorWebAppMovies.Sdk\BlazorWebAppMovies.Sdk.csproj", "{2C5F1951-9010-48E5-8EE9-FA0585DCC0D6}"
EndProject
Project("{2150E333-8FDC-42A3-9474-1A3956D46DE8}") = "Core", "Core", "{02EA681E-C7D8-13C7-8484-4AC65E1B71E8}"
EndProject
Project("{2150E333-8FDC-42A3-9474-1A3956D46DE8}") = "APi", "APi", "{2E2C55DF-69FF-4676-9912-1079E05A7E8A}"
EndProject
Project("{2150E333-8FDC-42A3-9474-1A3956D46DE8}") = "UI", "UI", "{57A9E6AE-2B39-4941-967E-9ACB743936CD}"
EndProject
Project("{FAE04EC0-301F-11D3-BF4B-00C04F79EFBC}") = "BlazorWebAppMovies.Dto", "BlazorWebAppMovies.Dto\BlazorWebAppMovies.Dto.csproj", "{613C02E7-116E-41C5-8146-C1FA9344B518}"
EndProject
Global
	GlobalSection(SolutionConfigurationPlatforms) = preSolution
		Debug|Any CPU = Debug|Any CPU
		Debug|x64 = Debug|x64
		Debug|x86 = Debug|x86
		Release|Any CPU = Release|Any CPU
		Release|x64 = Release|x64
		Release|x86 = Release|x86
	EndGlobalSection
	GlobalSection(ProjectConfigurationPlatforms) = postSolution
		{A1351AA3-2527-4184-885B-C1CE740CA6E4}.Debug|Any CPU.ActiveCfg = Debug|Any CPU
		{A1351AA3-2527-4184-885B-C1CE740CA6E4}.Debug|Any CPU.Build.0 = Debug|Any CPU
		{A1351AA3-2527-4184-885B-C1CE740CA6E4}.Debug|x64.ActiveCfg = Debug|Any CPU
		{A1351AA3-2527-4184-885B-C1CE740CA6E4}.Debug|x64.Build.0 = Debug|Any CPU
		{A1351AA3-2527-4184-885B-C1CE740CA6E4}.Debug|x86.ActiveCfg = Debug|Any CPU
		{A1351AA3-2527-4184-885B-C1CE740CA6E4}.Debug|x86.Build.0 = Debug|Any CPU
		{A1351AA3-2527-4184-885B-C1CE740CA6E4}.Release|Any CPU.ActiveCfg = Release|Any CPU
		{A1351AA3-2527-4184-885B-C1CE740CA6E4}.Release|Any CPU.Build.0 = Release|Any CPU
		{A1351AA3-2527-4184-885B-C1CE740CA6E4}.Release|x64.ActiveCfg = Release|Any CPU
		{A1351AA3-2527-4184-885B-C1CE740CA6E4}.Release|x64.Build.0 = Release|Any CPU
		{A1351AA3-2527-4184-885B-C1CE740CA6E4}.Release|x86.ActiveCfg = Release|Any CPU
		{A1351AA3-2527-4184-885B-C1CE740CA6E4}.Release|x86.Build.0 = Release|Any CPU
		{6F85BE05-674F-44A5-99C3-3DEAB14A0B18}.Debug|Any CPU.ActiveCfg = Debug|Any CPU
		{6F85BE05-674F-44A5-99C3-3DEAB14A0B18}.Debug|Any CPU.Build.0 = Debug|Any CPU
		{6F85BE05-674F-44A5-99C3-3DEAB14A0B18}.Debug|x64.ActiveCfg = Debug|Any CPU
		{6F85BE05-674F-44A5-99C3-3DEAB14A0B18}.Debug|x64.Build.0 = Debug|Any CPU
		{6F85BE05-674F-44A5-99C3-3DEAB14A0B18}.Debug|x86.ActiveCfg = Debug|Any CPU
		{6F85BE05-674F-44A5-99C3-3DEAB14A0B18}.Debug|x86.Build.0 = Debug|Any CPU
		{6F85BE05-674F-44A5-99C3-3DEAB14A0B18}.Release|Any CPU.ActiveCfg = Release|Any CPU
		{6F85BE05-674F-44A5-99C3-3DEAB14A0B18}.Release|Any CPU.Build.0 = Release|Any CPU
		{6F85BE05-674F-44A5-99C3-3DEAB14A0B18}.Release|x64.ActiveCfg = Release|Any CPU
		{6F85BE05-674F-44A5-99C3-3DEAB14A0B18}.Release|x64.Build.0 = Release|Any CPU
		{6F85BE05-674F-44A5-99C3-3DEAB14A0B18}.Release|x86.ActiveCfg = Release|Any CPU
		{6F85BE05-674F-44A5-99C3-3DEAB14A0B18}.Release|x86.Build.0 = Release|Any CPU
		{832FF03A-6D42-4DC3-ABC3-00986508E325}.Debug|Any CPU.ActiveCfg = Debug|Any CPU
		{832FF03A-6D42-4DC3-ABC3-00986508E325}.Debug|Any CPU.Build.0 = Debug|Any CPU
		{832FF03A-6D42-4DC3-ABC3-00986508E325}.Debug|x64.ActiveCfg = Debug|Any CPU
		{832FF03A-6D42-4DC3-ABC3-00986508E325}.Debug|x64.Build.0 = Debug|Any CPU
		{832FF03A-6D42-4DC3-ABC3-00986508E325}.Debug|x86.ActiveCfg = Debug|Any CPU
		{832FF03A-6D42-4DC3-ABC3-00986508E325}.Debug|x86.Build.0 = Debug|Any CPU
		{832FF03A-6D42-4DC3-ABC3-00986508E325}.Release|Any CPU.ActiveCfg = Release|Any CPU
		{832FF03A-6D42-4DC3-ABC3-00986508E325}.Release|Any CPU.Build.0 = Release|Any CPU
		{832FF03A-6D42-4DC3-ABC3-00986508E325}.Release|x64.ActiveCfg = Release|Any CPU
		{832FF03A-6D42-4DC3-ABC3-00986508E325}.Release|x64.Build.0 = Release|Any CPU
		{832FF03A-6D42-4DC3-ABC3-00986508E325}.Release|x86.ActiveCfg = Release|Any CPU
		{832FF03A-6D42-4DC3-ABC3-00986508E325}.Release|x86.Build.0 = Release|Any CPU
		{0F63DF98-2505-4E28-B3B7-219034202EB1}.Debug|Any CPU.ActiveCfg = Debug|Any CPU
		{0F63DF98-2505-4E28-B3B7-219034202EB1}.Debug|Any CPU.Build.0 = Debug|Any CPU
		{0F63DF98-2505-4E28-B3B7-219034202EB1}.Debug|x64.ActiveCfg = Debug|Any CPU
		{0F63DF98-2505-4E28-B3B7-219034202EB1}.Debug|x64.Build.0 = Debug|Any CPU
		{0F63DF98-2505-4E28-B3B7-219034202EB1}.Debug|x86.ActiveCfg = Debug|Any CPU
		{0F63DF98-2505-4E28-B3B7-219034202EB1}.Debug|x86.Build.0 = Debug|Any CPU
		{0F63DF98-2505-4E28-B3B7-219034202EB1}.Release|Any CPU.ActiveCfg = Release|Any CPU
		{0F63DF98-2505-4E28-B3B7-219034202EB1}.Release|Any CPU.Build.0 = Release|Any CPU
		{0F63DF98-2505-4E28-B3B7-219034202EB1}.Release|x64.ActiveCfg = Release|Any CPU
		{0F63DF98-2505-4E28-B3B7-219034202EB1}.Release|x64.Build.0 = Release|Any CPU
		{0F63DF98-2505-4E28-B3B7-219034202EB1}.Release|x86.ActiveCfg = Release|Any CPU
		{0F63DF98-2505-4E28-B3B7-219034202EB1}.Release|x86.Build.0 = Release|Any CPU
		{2C5F1951-9010-48E5-8EE9-FA0585DCC0D6}.Debug|Any CPU.ActiveCfg = Debug|Any CPU
		{2C5F1951-9010-48E5-8EE9-FA0585DCC0D6}.Debug|Any CPU.Build.0 = Debug|Any CPU
		{2C5F1951-9010-48E5-8EE9-FA0585DCC0D6}.Debug|x64.ActiveCfg = Debug|Any CPU
		{2C5F1951-9010-48E5-8EE9-FA0585DCC0D6}.Debug|x64.Build.0 = Debug|Any CPU
		{2C5F1951-9010-48E5-8EE9-FA0585DCC0D6}.Debug|x86.ActiveCfg = Debug|Any CPU
		{2C5F1951-9010-48E5-8EE9-FA0585DCC0D6}.Debug|x86.Build.0 = Debug|Any CPU
		{2C5F1951-9010-48E5-8EE9-FA0585DCC0D6}.Release|Any CPU.ActiveCfg = Release|Any CPU
		{2C5F1951-9010-48E5-8EE9-FA0585DCC0D6}.Release|Any CPU.Build.0 = Release|Any CPU
		{2C5F1951-9010-48E5-8EE9-FA0585DCC0D6}.Release|x64.ActiveCfg = Release|Any CPU
		{2C5F1951-9010-48E5-8EE9-FA0585DCC0D6}.Release|x64.Build.0 = Release|Any CPU
		{2C5F1951-9010-48E5-8EE9-FA0585DCC0D6}.Release|x86.ActiveCfg = Release|Any CPU
		{2C5F1951-9010-48E5-8EE9-FA0585DCC0D6}.Release|x86.Build.0 = Release|Any CPU
		{613C02E7-116E-41C5-8146-C1FA9344B518}.Debug|Any CPU.ActiveCfg = Debug|Any CPU
		{613C02E7-116E-41C5-8146-C1FA9344B518}.Debug|Any CPU.Build.0 = Debug|Any CPU
		{613C02E7-116E-41C5-8146-C1FA9344B518}.Debug|x64.ActiveCfg = Debug|Any CPU
		{613C02E7-116E-41C5-8146-C1FA9344B518}.Debug|x64.Build.0 = Debug|Any CPU
		{613C02E7-116E-41C5-8146-C1FA9344B518}.Debug|x86.ActiveCfg = Debug|Any CPU
		{613C02E7-116E-41C5-8146-C1FA9344B518}.Debug|x86.Build.0 = Debug|Any CPU
		{613C02E7-116E-41C5-8146-C1FA9344B518}.Release|Any CPU.ActiveCfg = Release|Any CPU
		{613C02E7-116E-41C5-8146-C1FA9344B518}.Release|Any CPU.Build.0 = Release|Any CPU
		{613C02E7-116E-41C5-8146-C1FA9344B518}.Release|x64.ActiveCfg = Release|Any CPU
		{613C02E7-116E-41C5-8146-C1FA9344B518}.Release|x64.Build.0 = Release|Any CPU
		{613C02E7-116E-41C5-8146-C1FA9344B518}.Release|x86.ActiveCfg = Release|Any CPU
		{613C02E7-116E-41C5-8146-C1FA9344B518}.Release|x86.Build.0 = Release|Any CPU
	EndGlobalSection
	GlobalSection(SolutionProperties) = preSolution
		HideSolutionNode = FALSE
	EndGlobalSection
	GlobalSection(NestedProjects) = preSolution
		{A1351AA3-2527-4184-885B-C1CE740CA6E4} = {57A9E6AE-2B39-4941-967E-9ACB743936CD}
		{6F85BE05-674F-44A5-99C3-3DEAB14A0B18} = {2E2C55DF-69FF-4676-9912-1079E05A7E8A}
		{832FF03A-6D42-4DC3-ABC3-00986508E325} = {02EA681E-C7D8-13C7-8484-4AC65E1B71E8}
		{0F63DF98-2505-4E28-B3B7-219034202EB1} = {02EA681E-C7D8-13C7-8484-4AC65E1B71E8}
		{2C5F1951-9010-48E5-8EE9-FA0585DCC0D6} = {2E2C55DF-69FF-4676-9912-1079E05A7E8A}
		{613C02E7-116E-41C5-8146-C1FA9344B518} = {2E2C55DF-69FF-4676-9912-1079E05A7E8A}
	EndGlobalSection
	GlobalSection(ExtensibilityGlobals) = postSolution
		SolutionGuid = {5B6EF322-EF5D-4BB5-9E9B-55E48F4BA7D9}
	EndGlobalSection
EndGlobal
