
Microsoft Visual Studio Solution File, Format Version 12.00
# Visual Studio Version 17
VisualStudioVersion = 17.0.31903.59
MinimumVisualStudioVersion = 10.0.40219.1
Project("{FAE04EC0-301F-11D3-BF4B-00C04F79EFBC}") = "BlazorWebAppMovies", "BlazorWebAppMovies\BlazorWebAppMovies.csproj", "{A1351AA3-2527-4184-885B-C1CE740CA6E4}"
EndProject
Project("{FAE04EC0-301F-11D3-BF4B-00C04F79EFBC}") = "BlazorWebAppMovies.Api", "BlazorWebAppMovies.Api\BlazorWebAppMovies.Api.csproj", "{6F85BE05-674F-44A5-99C3-3DEAB14A0B18}"
EndProject
Project("{FAE04EC0-301F-11D3-BF4B-00C04F79EFBC}") = "BlazorWebAppMovies.Models", "BlazorWebAppMovies.Models\BlazorWebAppMovies.Models.csproj", "{832FF03A-6D42-4DC3-ABC3-00986508E325}"
EndProject
Project("{FAE04EC0-301F-11D3-BF4B-00C04F79EFBC}") = "BlazorWebAppMovies.Repository", "BlazorWebAppMovies.Repository\BlazorWebAppMovies.Repository.csproj", "{0F63DF98-2505-4E28-B3B7-219034202EB1}"
EndProject
Project("{FAE04EC0-301F-11D3-BF4B-00C04F79EFBC}") = "BlazorWebAppMovies.Sdk", "BlazorWebAppMovies.Sdk\BlazorWebAppMovies.Sdk.csproj", "{2C5F1951-9010-48E5-8EE9-FA0585DCC0D6}"
EndProject
Global
	GlobalSection(SolutionConfigurationPlatforms) = preSolution
		Debug|Any CPU = Debug|Any CPU
		Debug|x64 = Debug|x64
		Debug|x86 = Debug|x86
		Release|Any CPU = Release|Any CPU
		Release|x64 = Release|x64
		Release|x86 = Release|x86
	EndGlobalSection
	GlobalSection(ProjectConfigurationPlatforms) = postSolution
		{A1351AA3-2527-4184-885B-C1CE740CA6E4}.Debug|Any CPU.ActiveCfg = Debug|Any CPU
		{A1351AA3-2527-4184-885B-C1CE740CA6E4}.Debug|Any CPU.Build.0 = Debug|Any CPU
		{A1351AA3-2527-4184-885B-C1CE740CA6E4}.Debug|x64.ActiveCfg = Debug|Any CPU
		{A1351AA3-2527-4184-885B-C1CE740CA6E4}.Debug|x64.Build.0 = Debug|Any CPU
		{A1351AA3-2527-4184-885B-C1CE740CA6E4}.Debug|x86.ActiveCfg = Debug|Any CPU
		{A1351AA3-2527-4184-885B-C1CE740CA6E4}.Debug|x86.Build.0 = Debug|Any CPU
		{A1351AA3-2527-4184-885B-C1CE740CA6E4}.Release|Any CPU.ActiveCfg = Release|Any CPU
		{A1351AA3-2527-4184-885B-C1CE740CA6E4}.Release|Any CPU.Build.0 = Release|Any CPU
		{A1351AA3-2527-4184-885B-C1CE740CA6E4}.Release|x64.ActiveCfg = Release|Any CPU
		{A1351AA3-2527-4184-885B-C1CE740CA6E4}.Release|x64.Build.0 = Release|Any CPU
		{A1351AA3-2527-4184-885B-C1CE740CA6E4}.Release|x86.ActiveCfg = Release|Any CPU
		{A1351AA3-2527-4184-885B-C1CE740CA6E4}.Release|x86.Build.0 = Release|Any CPU
		{6F85BE05-674F-44A5-99C3-3DEAB14A0B18}.Debug|Any CPU.ActiveCfg = Debug|Any CPU
		{6F85BE05-674F-44A5-99C3-3DEAB14A0B18}.Debug|Any CPU.Build.0 = Debug|Any CPU
		{6F85BE05-674F-44A5-99C3-3DEAB14A0B18}.Debug|x64.ActiveCfg = Debug|Any CPU
		{6F85BE05-674F-44A5-99C3-3DEAB14A0B18}.Debug|x64.Build.0 = Debug|Any CPU
		{6F85BE05-674F-44A5-99C3-3DEAB14A0B18}.Debug|x86.ActiveCfg = Debug|Any CPU
		{6F85BE05-674F-44A5-99C3-3DEAB14A0B18}.Debug|x86.Build.0 = Debug|Any CPU
		{6F85BE05-674F-44A5-99C3-3DEAB14A0B18}.Release|Any CPU.ActiveCfg = Release|Any CPU
		{6F85BE05-674F-44A5-99C3-3DEAB14A0B18}.Release|Any CPU.Build.0 = Release|Any CPU
		{6F85BE05-674F-44A5-99C3-3DEAB14A0B18}.Release|x64.ActiveCfg = Release|Any CPU
		{6F85BE05-674F-44A5-99C3-3DEAB14A0B18}.Release|x64.Build.0 = Release|Any CPU
		{6F85BE05-674F-44A5-99C3-3DEAB14A0B18}.Release|x86.ActiveCfg = Release|Any CPU
		{6F85BE05-674F-44A5-99C3-3DEAB14A0B18}.Release|x86.Build.0 = Release|Any CPU
		{832FF03A-6D42-4DC3-ABC3-00986508E325}.Debug|Any CPU.ActiveCfg = Debug|Any CPU
		{832FF03A-6D42-4DC3-ABC3-00986508E325}.Debug|Any CPU.Build.0 = Debug|Any CPU
		{832FF03A-6D42-4DC3-ABC3-00986508E325}.Debug|x64.ActiveCfg = Debug|Any CPU
		{832FF03A-6D42-4DC3-ABC3-00986508E325}.Debug|x64.Build.0 = Debug|Any CPU
		{832FF03A-6D42-4DC3-ABC3-00986508E325}.Debug|x86.ActiveCfg = Debug|Any CPU
		{832FF03A-6D42-4DC3-ABC3-00986508E325}.Debug|x86.Build.0 = Debug|Any CPU
		{832FF03A-6D42-4DC3-ABC3-00986508E325}.Release|Any CPU.ActiveCfg = Release|Any CPU
		{832FF03A-6D42-4DC3-ABC3-00986508E325}.Release|Any CPU.Build.0 = Release|Any CPU
		{832FF03A-6D42-4DC3-ABC3-00986508E325}.Release|x64.ActiveCfg = Release|Any CPU
		{832FF03A-6D42-4DC3-ABC3-00986508E325}.Release|x64.Build.0 = Release|Any CPU
		{832FF03A-6D42-4DC3-ABC3-00986508E325}.Release|x86.ActiveCfg = Release|Any CPU
		{832FF03A-6D42-4DC3-ABC3-00986508E325}.Release|x86.Build.0 = Release|Any CPU
		{0F63DF98-2505-4E28-B3B7-219034202EB1}.Debug|Any CPU.ActiveCfg = Debug|Any CPU
		{0F63DF98-2505-4E28-B3B7-219034202EB1}.Debug|Any CPU.Build.0 = Debug|Any CPU
		{0F63DF98-2505-4E28-B3B7-219034202EB1}.Debug|x64.ActiveCfg = Debug|Any CPU
		{0F63DF98-2505-4E28-B3B7-219034202EB1}.Debug|x64.Build.0 = Debug|Any CPU
		{0F63DF98-2505-4E28-B3B7-219034202EB1}.Debug|x86.ActiveCfg = Debug|Any CPU
		{0F63DF98-2505-4E28-B3B7-219034202EB1}.Debug|x86.Build.0 = Debug|Any CPU
		{0F63DF98-2505-4E28-B3B7-219034202EB1}.Release|Any CPU.ActiveCfg = Release|Any CPU
		{0F63DF98-2505-4E28-B3B7-219034202EB1}.Release|Any CPU.Build.0 = Release|Any CPU
		{0F63DF98-2505-4E28-B3B7-219034202EB1}.Release|x64.ActiveCfg = Release|Any CPU
		{0F63DF98-2505-4E28-B3B7-219034202EB1}.Release|x64.Build.0 = Release|Any CPU
		{0F63DF98-2505-4E28-B3B7-219034202EB1}.Release|x86.ActiveCfg = Release|Any CPU
		{0F63DF98-2505-4E28-B3B7-219034202EB1}.Release|x86.Build.0 = Release|Any CPU
		{2C5F1951-9010-48E5-8EE9-FA0585DCC0D6}.Debug|Any CPU.ActiveCfg = Debug|Any CPU
		{2C5F1951-9010-48E5-8EE9-FA0585DCC0D6}.Debug|Any CPU.Build.0 = Debug|Any CPU
		{2C5F1951-9010-48E5-8EE9-FA0585DCC0D6}.Debug|x64.ActiveCfg = Debug|Any CPU
		{2C5F1951-9010-48E5-8EE9-FA0585DCC0D6}.Debug|x64.Build.0 = Debug|Any CPU
		{2C5F1951-9010-48E5-8EE9-FA0585DCC0D6}.Debug|x86.ActiveCfg = Debug|Any CPU
		{2C5F1951-9010-48E5-8EE9-FA0585DCC0D6}.Debug|x86.Build.0 = Debug|Any CPU
		{2C5F1951-9010-48E5-8EE9-FA0585DCC0D6}.Release|Any CPU.ActiveCfg = Release|Any CPU
		{2C5F1951-9010-48E5-8EE9-FA0585DCC0D6}.Release|Any CPU.Build.0 = Release|Any CPU
		{2C5F1951-9010-48E5-8EE9-FA0585DCC0D6}.Release|x64.ActiveCfg = Release|Any CPU
		{2C5F1951-9010-48E5-8EE9-FA0585DCC0D6}.Release|x64.Build.0 = Release|Any CPU
		{2C5F1951-9010-48E5-8EE9-FA0585DCC0D6}.Release|x86.ActiveCfg = Release|Any CPU
		{2C5F1951-9010-48E5-8EE9-FA0585DCC0D6}.Release|x86.Build.0 = Release|Any CPU
	EndGlobalSection
	GlobalSection(SolutionProperties) = preSolution
		HideSolutionNode = FALSE
	EndGlobalSection
	GlobalSection(ExtensibilityGlobals) = postSolution
		SolutionGuid = {5B6EF322-EF5D-4BB5-9E9B-55E48F4BA7D9}
	EndGlobalSection
EndGlobal
